
Microsoft Visual Studio Solution File, Format Version 12.00
# Visual Studio Version 16
VisualStudioVersion = 16.0.31112.23
MinimumVisualStudioVersion = 10.0.40219.1
Project("{FAE04EC0-301F-11D3-BF4B-00C04F79EFBC}") = "M4_NETCORECODEFIRST.Web", "M4_NETCORECODEFIRST.Web\M4_NETCORECODEFIRST.Web.csproj", "{23E9978A-547C-452B-9C1C-29CB3EDA4A16}"
EndProject
Global
	GlobalSection(SolutionConfigurationPlatforms) = preSolution
		Debug|Any CPU = Debug|Any CPU
		Release|Any CPU = Release|Any CPU
	EndGlobalSection
	GlobalSection(ProjectConfigurationPlatforms) = postSolution
		{23E9978A-547C-452B-9C1C-29CB3EDA4A16}.Debug|Any CPU.ActiveCfg = Debug|Any CPU
		{23E9978A-547C-452B-9C1C-29CB3EDA4A16}.Debug|Any CPU.Build.0 = Debug|Any CPU
		{23E9978A-547C-452B-9C1C-29CB3EDA4A16}.Release|Any CPU.ActiveCfg = Release|Any CPU
		{23E9978A-547C-452B-9C1C-29CB3EDA4A16}.Release|Any CPU.Build.0 = Release|Any CPU
	EndGlobalSection
	GlobalSection(SolutionProperties) = preSolution
		HideSolutionNode = FALSE
	EndGlobalSection
	GlobalSection(ExtensibilityGlobals) = postSolution
		SolutionGuid = {C25B32CE-5F88-4713-A269-9A39A8239A65}
	EndGlobalSection
EndGlobal
